
Microsoft Visual Studio Solution File, Format Version 12.00
# Visual Studio 2012
Project("{FAE04EC0-301F-11D3-BF4B-00C04F79EFBC}") = "MultiPlatform.Domain", "MultiPlatform.Domain\MultiPlatform.Domain.csproj", "{9AA71A78-DBCB-44EC-A4BE-6FCED1CFB067}"
EndProject
Project("{FAE04EC0-301F-11D3-BF4B-00C04F79EFBC}") = "MultiPlatform.International", "MultiPlatform.International\MultiPlatform.International.csproj", "{365E4F75-6E2C-4736-87F2-D1B8E6AD2B68}"
EndProject
Project("{FAE04EC0-301F-11D3-BF4B-00C04F79EFBC}") = "MultiPlatform.W8.UI", "MultiPlatform.W8.UI\MultiPlatform.W8.UI.csproj", "{A8743108-2D3D-4965-9E8C-9736227227AE}"
EndProject
Project("{FAE04EC0-301F-11D3-BF4B-00C04F79EFBC}") = "MultiPlatform.WP8.UI", "MultiPlaftorm.WP8.UI\MultiPlatform.WP8.UI.csproj", "{C0556B85-D231-4028-9F98-9637D17782D3}"
EndProject
Project("{8BC9CEB8-8B4A-11D0-8D11-00A0C91BC942}") = "Sqlite", "sqlite-net-wp8\Sqlite.vcxproj", "{59B35F6C-E062-4F0E-88D8-13F3F82A24F3}"
EndProject
Global
	GlobalSection(SolutionConfigurationPlatforms) = preSolution
		Debug|Any CPU = Debug|Any CPU
		Debug|ARM = Debug|ARM
		Debug|Mixed Platforms = Debug|Mixed Platforms
		Debug|Win32 = Debug|Win32
		Debug|x64 = Debug|x64
		Debug|x86 = Debug|x86
		Release|Any CPU = Release|Any CPU
		Release|ARM = Release|ARM
		Release|Mixed Platforms = Release|Mixed Platforms
		Release|Win32 = Release|Win32
		Release|x64 = Release|x64
		Release|x86 = Release|x86
	EndGlobalSection
	GlobalSection(ProjectConfigurationPlatforms) = postSolution
		{9AA71A78-DBCB-44EC-A4BE-6FCED1CFB067}.Debug|Any CPU.ActiveCfg = Debug|Any CPU
		{9AA71A78-DBCB-44EC-A4BE-6FCED1CFB067}.Debug|Any CPU.Build.0 = Debug|Any CPU
		{9AA71A78-DBCB-44EC-A4BE-6FCED1CFB067}.Debug|ARM.ActiveCfg = Debug|Any CPU
		{9AA71A78-DBCB-44EC-A4BE-6FCED1CFB067}.Debug|Mixed Platforms.ActiveCfg = Debug|Any CPU
		{9AA71A78-DBCB-44EC-A4BE-6FCED1CFB067}.Debug|Mixed Platforms.Build.0 = Debug|Any CPU
		{9AA71A78-DBCB-44EC-A4BE-6FCED1CFB067}.Debug|Win32.ActiveCfg = Debug|Any CPU
		{9AA71A78-DBCB-44EC-A4BE-6FCED1CFB067}.Debug|x64.ActiveCfg = Debug|Any CPU
		{9AA71A78-DBCB-44EC-A4BE-6FCED1CFB067}.Debug|x86.ActiveCfg = Debug|Any CPU
		{9AA71A78-DBCB-44EC-A4BE-6FCED1CFB067}.Release|Any CPU.ActiveCfg = Release|Any CPU
		{9AA71A78-DBCB-44EC-A4BE-6FCED1CFB067}.Release|Any CPU.Build.0 = Release|Any CPU
		{9AA71A78-DBCB-44EC-A4BE-6FCED1CFB067}.Release|ARM.ActiveCfg = Release|Any CPU
		{9AA71A78-DBCB-44EC-A4BE-6FCED1CFB067}.Release|Mixed Platforms.ActiveCfg = Release|Any CPU
		{9AA71A78-DBCB-44EC-A4BE-6FCED1CFB067}.Release|Mixed Platforms.Build.0 = Release|Any CPU
		{9AA71A78-DBCB-44EC-A4BE-6FCED1CFB067}.Release|Win32.ActiveCfg = Release|Any CPU
		{9AA71A78-DBCB-44EC-A4BE-6FCED1CFB067}.Release|x64.ActiveCfg = Release|Any CPU
		{9AA71A78-DBCB-44EC-A4BE-6FCED1CFB067}.Release|x86.ActiveCfg = Release|Any CPU
		{365E4F75-6E2C-4736-87F2-D1B8E6AD2B68}.Debug|Any CPU.ActiveCfg = Debug|Any CPU
		{365E4F75-6E2C-4736-87F2-D1B8E6AD2B68}.Debug|Any CPU.Build.0 = Debug|Any CPU
		{365E4F75-6E2C-4736-87F2-D1B8E6AD2B68}.Debug|ARM.ActiveCfg = Debug|Any CPU
		{365E4F75-6E2C-4736-87F2-D1B8E6AD2B68}.Debug|Mixed Platforms.ActiveCfg = Debug|Any CPU
		{365E4F75-6E2C-4736-87F2-D1B8E6AD2B68}.Debug|Mixed Platforms.Build.0 = Debug|Any CPU
		{365E4F75-6E2C-4736-87F2-D1B8E6AD2B68}.Debug|Win32.ActiveCfg = Debug|Any CPU
		{365E4F75-6E2C-4736-87F2-D1B8E6AD2B68}.Debug|x64.ActiveCfg = Debug|Any CPU
		{365E4F75-6E2C-4736-87F2-D1B8E6AD2B68}.Debug|x86.ActiveCfg = Debug|Any CPU
		{365E4F75-6E2C-4736-87F2-D1B8E6AD2B68}.Release|Any CPU.ActiveCfg = Release|Any CPU
		{365E4F75-6E2C-4736-87F2-D1B8E6AD2B68}.Release|Any CPU.Build.0 = Release|Any CPU
		{365E4F75-6E2C-4736-87F2-D1B8E6AD2B68}.Release|ARM.ActiveCfg = Release|Any CPU
		{365E4F75-6E2C-4736-87F2-D1B8E6AD2B68}.Release|Mixed Platforms.ActiveCfg = Release|Any CPU
		{365E4F75-6E2C-4736-87F2-D1B8E6AD2B68}.Release|Mixed Platforms.Build.0 = Release|Any CPU
		{365E4F75-6E2C-4736-87F2-D1B8E6AD2B68}.Release|Win32.ActiveCfg = Release|Any CPU
		{365E4F75-6E2C-4736-87F2-D1B8E6AD2B68}.Release|x64.ActiveCfg = Release|Any CPU
		{365E4F75-6E2C-4736-87F2-D1B8E6AD2B68}.Release|x86.ActiveCfg = Release|Any CPU
		{A8743108-2D3D-4965-9E8C-9736227227AE}.Debug|Any CPU.ActiveCfg = Debug|Any CPU
		{A8743108-2D3D-4965-9E8C-9736227227AE}.Debug|Any CPU.Build.0 = Debug|Any CPU
		{A8743108-2D3D-4965-9E8C-9736227227AE}.Debug|Any CPU.Deploy.0 = Debug|Any CPU
		{A8743108-2D3D-4965-9E8C-9736227227AE}.Debug|ARM.ActiveCfg = Debug|ARM
		{A8743108-2D3D-4965-9E8C-9736227227AE}.Debug|ARM.Build.0 = Debug|ARM
		{A8743108-2D3D-4965-9E8C-9736227227AE}.Debug|ARM.Deploy.0 = Debug|ARM
		{A8743108-2D3D-4965-9E8C-9736227227AE}.Debug|Mixed Platforms.ActiveCfg = Debug|x86
		{A8743108-2D3D-4965-9E8C-9736227227AE}.Debug|Mixed Platforms.Build.0 = Debug|x86
		{A8743108-2D3D-4965-9E8C-9736227227AE}.Debug|Mixed Platforms.Deploy.0 = Debug|x86
		{A8743108-2D3D-4965-9E8C-9736227227AE}.Debug|Win32.ActiveCfg = Debug|x86
		{A8743108-2D3D-4965-9E8C-9736227227AE}.Debug|Win32.Build.0 = Debug|x86
		{A8743108-2D3D-4965-9E8C-9736227227AE}.Debug|Win32.Deploy.0 = Debug|x86
		{A8743108-2D3D-4965-9E8C-9736227227AE}.Debug|x64.ActiveCfg = Debug|x64
		{A8743108-2D3D-4965-9E8C-9736227227AE}.Debug|x64.Build.0 = Debug|x64
		{A8743108-2D3D-4965-9E8C-9736227227AE}.Debug|x64.Deploy.0 = Debug|x64
		{A8743108-2D3D-4965-9E8C-9736227227AE}.Debug|x86.ActiveCfg = Debug|x86
		{A8743108-2D3D-4965-9E8C-9736227227AE}.Debug|x86.Build.0 = Debug|x86
		{A8743108-2D3D-4965-9E8C-9736227227AE}.Debug|x86.Deploy.0 = Debug|x86
		{A8743108-2D3D-4965-9E8C-9736227227AE}.Release|Any CPU.ActiveCfg = Release|Any CPU
		{A8743108-2D3D-4965-9E8C-9736227227AE}.Release|Any CPU.Build.0 = Release|Any CPU
		{A8743108-2D3D-4965-9E8C-9736227227AE}.Release|Any CPU.Deploy.0 = Release|Any CPU
		{A8743108-2D3D-4965-9E8C-9736227227AE}.Release|ARM.ActiveCfg = Release|ARM
		{A8743108-2D3D-4965-9E8C-9736227227AE}.Release|ARM.Build.0 = Release|ARM
		{A8743108-2D3D-4965-9E8C-9736227227AE}.Release|ARM.Deploy.0 = Release|ARM
		{A8743108-2D3D-4965-9E8C-9736227227AE}.Release|Mixed Platforms.ActiveCfg = Release|x86
		{A8743108-2D3D-4965-9E8C-9736227227AE}.Release|Mixed Platforms.Build.0 = Release|x86
		{A8743108-2D3D-4965-9E8C-9736227227AE}.Release|Mixed Platforms.Deploy.0 = Release|x86
		{A8743108-2D3D-4965-9E8C-9736227227AE}.Release|Win32.ActiveCfg = Release|x86
		{A8743108-2D3D-4965-9E8C-9736227227AE}.Release|Win32.Build.0 = Release|x86
		{A8743108-2D3D-4965-9E8C-9736227227AE}.Release|Win32.Deploy.0 = Release|x86
		{A8743108-2D3D-4965-9E8C-9736227227AE}.Release|x64.ActiveCfg = Release|x64
		{A8743108-2D3D-4965-9E8C-9736227227AE}.Release|x64.Build.0 = Release|x64
		{A8743108-2D3D-4965-9E8C-9736227227AE}.Release|x64.Deploy.0 = Release|x64
		{A8743108-2D3D-4965-9E8C-9736227227AE}.Release|x86.ActiveCfg = Release|x86
		{A8743108-2D3D-4965-9E8C-9736227227AE}.Release|x86.Build.0 = Release|x86
		{A8743108-2D3D-4965-9E8C-9736227227AE}.Release|x86.Deploy.0 = Release|x86
		{C0556B85-D231-4028-9F98-9637D17782D3}.Debug|Any CPU.ActiveCfg = Debug|Any CPU
		{C0556B85-D231-4028-9F98-9637D17782D3}.Debug|Any CPU.Build.0 = Debug|Any CPU
		{C0556B85-D231-4028-9F98-9637D17782D3}.Debug|Any CPU.Deploy.0 = Debug|Any CPU
		{C0556B85-D231-4028-9F98-9637D17782D3}.Debug|ARM.ActiveCfg = Debug|ARM
		{C0556B85-D231-4028-9F98-9637D17782D3}.Debug|ARM.Build.0 = Debug|ARM
		{C0556B85-D231-4028-9F98-9637D17782D3}.Debug|ARM.Deploy.0 = Debug|ARM
		{C0556B85-D231-4028-9F98-9637D17782D3}.Debug|Mixed Platforms.ActiveCfg = Debug|ARM
		{C0556B85-D231-4028-9F98-9637D17782D3}.Debug|Mixed Platforms.Build.0 = Debug|ARM
		{C0556B85-D231-4028-9F98-9637D17782D3}.Debug|Mixed Platforms.Deploy.0 = Debug|ARM
		{C0556B85-D231-4028-9F98-9637D17782D3}.Debug|Win32.ActiveCfg = Debug|x86
		{C0556B85-D231-4028-9F98-9637D17782D3}.Debug|Win32.Build.0 = Debug|x86
		{C0556B85-D231-4028-9F98-9637D17782D3}.Debug|Win32.Deploy.0 = Debug|x86
		{C0556B85-D231-4028-9F98-9637D17782D3}.Debug|x64.ActiveCfg = Debug|Any CPU
		{C0556B85-D231-4028-9F98-9637D17782D3}.Debug|x86.ActiveCfg = Debug|x86
		{C0556B85-D231-4028-9F98-9637D17782D3}.Debug|x86.Build.0 = Debug|x86
		{C0556B85-D231-4028-9F98-9637D17782D3}.Debug|x86.Deploy.0 = Debug|x86
		{C0556B85-D231-4028-9F98-9637D17782D3}.Release|Any CPU.ActiveCfg = Release|Any CPU
		{C0556B85-D231-4028-9F98-9637D17782D3}.Release|Any CPU.Build.0 = Release|Any CPU
		{C0556B85-D231-4028-9F98-9637D17782D3}.Release|Any CPU.Deploy.0 = Release|Any CPU
		{C0556B85-D231-4028-9F98-9637D17782D3}.Release|ARM.ActiveCfg = Release|ARM
		{C0556B85-D231-4028-9F98-9637D17782D3}.Release|ARM.Build.0 = Release|ARM
		{C0556B85-D231-4028-9F98-9637D17782D3}.Release|ARM.Deploy.0 = Release|ARM
		{C0556B85-D231-4028-9F98-9637D17782D3}.Release|Mixed Platforms.ActiveCfg = Release|x86
		{C0556B85-D231-4028-9F98-9637D17782D3}.Release|Mixed Platforms.Build.0 = Release|x86
		{C0556B85-D231-4028-9F98-9637D17782D3}.Release|Mixed Platforms.Deploy.0 = Release|x86
		{C0556B85-D231-4028-9F98-9637D17782D3}.Release|Win32.ActiveCfg = Release|x86
		{C0556B85-D231-4028-9F98-9637D17782D3}.Release|Win32.Build.0 = Release|x86
		{C0556B85-D231-4028-9F98-9637D17782D3}.Release|Win32.Deploy.0 = Release|x86
		{C0556B85-D231-4028-9F98-9637D17782D3}.Release|x64.ActiveCfg = Release|Any CPU
		{C0556B85-D231-4028-9F98-9637D17782D3}.Release|x86.ActiveCfg = Release|x86
		{C0556B85-D231-4028-9F98-9637D17782D3}.Release|x86.Build.0 = Release|x86
		{C0556B85-D231-4028-9F98-9637D17782D3}.Release|x86.Deploy.0 = Release|x86
		{59B35F6C-E062-4F0E-88D8-13F3F82A24F3}.Debug|Any CPU.ActiveCfg = Debug|Win32
		{59B35F6C-E062-4F0E-88D8-13F3F82A24F3}.Debug|ARM.ActiveCfg = Debug|ARM
		{59B35F6C-E062-4F0E-88D8-13F3F82A24F3}.Debug|ARM.Build.0 = Debug|ARM
		{59B35F6C-E062-4F0E-88D8-13F3F82A24F3}.Debug|Mixed Platforms.ActiveCfg = Debug|Win32
		{59B35F6C-E062-4F0E-88D8-13F3F82A24F3}.Debug|Mixed Platforms.Build.0 = Debug|Win32
		{59B35F6C-E062-4F0E-88D8-13F3F82A24F3}.Debug|Win32.ActiveCfg = Debug|Win32
		{59B35F6C-E062-4F0E-88D8-13F3F82A24F3}.Debug|Win32.Build.0 = Debug|Win32
		{59B35F6C-E062-4F0E-88D8-13F3F82A24F3}.Debug|x64.ActiveCfg = Debug|Win32
		{59B35F6C-E062-4F0E-88D8-13F3F82A24F3}.Debug|x86.ActiveCfg = Debug|Win32
		{59B35F6C-E062-4F0E-88D8-13F3F82A24F3}.Debug|x86.Build.0 = Debug|Win32
		{59B35F6C-E062-4F0E-88D8-13F3F82A24F3}.Release|Any CPU.ActiveCfg = Release|Win32
		{59B35F6C-E062-4F0E-88D8-13F3F82A24F3}.Release|ARM.ActiveCfg = Release|ARM
		{59B35F6C-E062-4F0E-88D8-13F3F82A24F3}.Release|ARM.Build.0 = Release|ARM
		{59B35F6C-E062-4F0E-88D8-13F3F82A24F3}.Release|Mixed Platforms.ActiveCfg = Release|Win32
		{59B35F6C-E062-4F0E-88D8-13F3F82A24F3}.Release|Mixed Platforms.Build.0 = Release|Win32
		{59B35F6C-E062-4F0E-88D8-13F3F82A24F3}.Release|Win32.ActiveCfg = Release|Win32
		{59B35F6C-E062-4F0E-88D8-13F3F82A24F3}.Release|Win32.Build.0 = Release|Win32
		{59B35F6C-E062-4F0E-88D8-13F3F82A24F3}.Release|x64.ActiveCfg = Release|Win32
		{59B35F6C-E062-4F0E-88D8-13F3F82A24F3}.Release|x86.ActiveCfg = Release|Win32
		{59B35F6C-E062-4F0E-88D8-13F3F82A24F3}.Release|x86.Build.0 = Release|Win32
	EndGlobalSection
	GlobalSection(SolutionProperties) = preSolution
		HideSolutionNode = FALSE
	EndGlobalSection
EndGlobal
